
Microsoft Visual Studio Solution File, Format Version 12.00
# Visual Studio 15
VisualStudioVersion = 15.0.27703.2035
MinimumVisualStudioVersion = 10.0.40219.1
Project("{888888A0-9F3D-457C-B088-3A5042F75D52}") = "DBPython", "DBPython\DBPython.pyproj", "{1342F70F-7790-4186-895A-7C45DEABAE08}"
EndProject
Global
	GlobalSection(SolutionConfigurationPlatforms) = preSolution
		Debug|Any CPU = Debug|Any CPU
		Release|Any CPU = Release|Any CPU
	EndGlobalSection
	GlobalSection(ProjectConfigurationPlatforms) = postSolution
		{1342F70F-7790-4186-895A-7C45DEABAE08}.Debug|Any CPU.ActiveCfg = Debug|Any CPU
		{1342F70F-7790-4186-895A-7C45DEABAE08}.Release|Any CPU.ActiveCfg = Release|Any CPU
	EndGlobalSection
	GlobalSection(SolutionProperties) = preSolution
		HideSolutionNode = FALSE
	EndGlobalSection
	GlobalSection(ExtensibilityGlobals) = postSolution
		SolutionGuid = {6C9A4A84-EB25-489B-976E-4363FC0A6368}
	EndGlobalSection
EndGlobal
